
Microsoft Visual Studio Solution File, Format Version 12.00
# Visual Studio Version 16
VisualStudioVersion = 16.0.31624.102
MinimumVisualStudioVersion = 10.0.40219.1
Project("{8BC9CEB8-8B4A-11D0-8D11-00A0C91BC942}") = "Лаб 12 ОПИ", "Лаб 12 ОПИ.vcxproj", "{9628C223-A5F0-4EEF-BA47-2D1556795F7E}"
EndProject
Project("{8BC9CEB8-8B4A-11D0-8D11-00A0C91BC942}") = "Debugger", "..\Debugger\Debugger.vcxproj", "{60DF8B60-92C5-473D-8E53-5D499C8D5BE7}"
EndProject
Global
	GlobalSection(SolutionConfigurationPlatforms) = preSolution
		Debug|x64 = Debug|x64
		Debug|x86 = Debug|x86
		Release|x64 = Release|x64
		Release|x86 = Release|x86
	EndGlobalSection
	GlobalSection(ProjectConfigurationPlatforms) = postSolution
		{9628C223-A5F0-4EEF-BA47-2D1556795F7E}.Debug|x64.ActiveCfg = Debug|x64
		{9628C223-A5F0-4EEF-BA47-2D1556795F7E}.Debug|x64.Build.0 = Debug|x64
		{9628C223-A5F0-4EEF-BA47-2D1556795F7E}.Debug|x86.ActiveCfg = Debug|Win32
		{9628C223-A5F0-4EEF-BA47-2D1556795F7E}.Debug|x86.Build.0 = Debug|Win32
		{9628C223-A5F0-4EEF-BA47-2D1556795F7E}.Release|x64.ActiveCfg = Release|x64
		{9628C223-A5F0-4EEF-BA47-2D1556795F7E}.Release|x64.Build.0 = Release|x64
		{9628C223-A5F0-4EEF-BA47-2D1556795F7E}.Release|x86.ActiveCfg = Release|Win32
		{9628C223-A5F0-4EEF-BA47-2D1556795F7E}.Release|x86.Build.0 = Release|Win32
		{60DF8B60-92C5-473D-8E53-5D499C8D5BE7}.Debug|x64.ActiveCfg = Debug|x64
		{60DF8B60-92C5-473D-8E53-5D499C8D5BE7}.Debug|x64.Build.0 = Debug|x64
		{60DF8B60-92C5-473D-8E53-5D499C8D5BE7}.Debug|x86.ActiveCfg = Debug|Win32
		{60DF8B60-92C5-473D-8E53-5D499C8D5BE7}.Debug|x86.Build.0 = Debug|Win32
		{60DF8B60-92C5-473D-8E53-5D499C8D5BE7}.Release|x64.ActiveCfg = Release|x64
		{60DF8B60-92C5-473D-8E53-5D499C8D5BE7}.Release|x64.Build.0 = Release|x64
		{60DF8B60-92C5-473D-8E53-5D499C8D5BE7}.Release|x86.ActiveCfg = Release|Win32
		{60DF8B60-92C5-473D-8E53-5D499C8D5BE7}.Release|x86.Build.0 = Release|Win32
	EndGlobalSection
	GlobalSection(SolutionProperties) = preSolution
		HideSolutionNode = FALSE
	EndGlobalSection
	GlobalSection(ExtensibilityGlobals) = postSolution
		SolutionGuid = {F0E5E262-28BA-4E94-8635-475D4C06A159}
	EndGlobalSection
EndGlobal
